
Microsoft Visual Studio Solution File, Format Version 12.00
# Visual Studio Version 17
VisualStudioVersion = 17.9.34902.65
MinimumVisualStudioVersion = 10.0.40219.1
Project("{FAE04EC0-301F-11D3-BF4B-00C04F79EFBC}") = "TestTask", "TestTask\TestTask.csproj", "{0EAD2C41-9596-4EAD-ABDB-32167C12292C}"
EndProject
Global
	GlobalSection(SolutionConfigurationPlatforms) = preSolution
		Debug|Any CPU = Debug|Any CPU
		Release|Any CPU = Release|Any CPU
	EndGlobalSection
	GlobalSection(ProjectConfigurationPlatforms) = postSolution
		{0EAD2C41-9596-4EAD-ABDB-32167C12292C}.Debug|Any CPU.ActiveCfg = Debug|Any CPU
		{0EAD2C41-9596-4EAD-ABDB-32167C12292C}.Debug|Any CPU.Build.0 = Debug|Any CPU
		{0EAD2C41-9596-4EAD-ABDB-32167C12292C}.Release|Any CPU.ActiveCfg = Release|Any CPU
		{0EAD2C41-9596-4EAD-ABDB-32167C12292C}.Release|Any CPU.Build.0 = Release|Any CPU
	EndGlobalSection
	GlobalSection(SolutionProperties) = preSolution
		HideSolutionNode = FALSE
	EndGlobalSection
	GlobalSection(ExtensibilityGlobals) = postSolution
		SolutionGuid = {253F42CE-856A-43E7-AD9F-97DE3320E3FA}
	EndGlobalSection
EndGlobal
